
Microsoft Visual Studio Solution File, Format Version 12.00
# Visual Studio Version 16
VisualStudioVersion = 16.0.30011.22
MinimumVisualStudioVersion = 10.0.40219.1
Project("{FAE04EC0-301F-11D3-BF4B-00C04F79EFBC}") = "CSharpE", "CSharpE\CSharpE.csproj", "{F7455808-B7F2-413F-A16D-FB85BB570BFC}"
EndProject
Global
	GlobalSection(SolutionConfigurationPlatforms) = preSolution
		Debug|Any CPU = Debug|Any CPU
		Release|Any CPU = Release|Any CPU
	EndGlobalSection
	GlobalSection(ProjectConfigurationPlatforms) = postSolution
		{F7455808-B7F2-413F-A16D-FB85BB570BFC}.Debug|Any CPU.ActiveCfg = Debug|Any CPU
		{F7455808-B7F2-413F-A16D-FB85BB570BFC}.Debug|Any CPU.Build.0 = Debug|Any CPU
		{F7455808-B7F2-413F-A16D-FB85BB570BFC}.Release|Any CPU.ActiveCfg = Release|Any CPU
		{F7455808-B7F2-413F-A16D-FB85BB570BFC}.Release|Any CPU.Build.0 = Release|Any CPU
	EndGlobalSection
	GlobalSection(SolutionProperties) = preSolution
		HideSolutionNode = FALSE
	EndGlobalSection
	GlobalSection(ExtensibilityGlobals) = postSolution
		SolutionGuid = {D0DB76DE-7BBD-4BFF-BD14-6D6C40A3156F}
	EndGlobalSection
EndGlobal
